
Microsoft Visual Studio Solution File, Format Version 12.00
# Visual Studio Version 17
VisualStudioVersion = 17.4.33205.214
MinimumVisualStudioVersion = 10.0.40219.1
Project("{888888A0-9F3D-457C-B088-3A5042F75D52}") = "vigadeotsing", "vigadeotsing\vigadeotsing.pyproj", "{7ABEBF9F-B13A-4FE2-A907-574457A40218}"
EndProject
Global
	GlobalSection(SolutionConfigurationPlatforms) = preSolution
		Debug|Any CPU = Debug|Any CPU
		Release|Any CPU = Release|Any CPU
	EndGlobalSection
	GlobalSection(ProjectConfigurationPlatforms) = postSolution
		{7ABEBF9F-B13A-4FE2-A907-574457A40218}.Debug|Any CPU.ActiveCfg = Debug|Any CPU
		{7ABEBF9F-B13A-4FE2-A907-574457A40218}.Release|Any CPU.ActiveCfg = Release|Any CPU
	EndGlobalSection
	GlobalSection(SolutionProperties) = preSolution
		HideSolutionNode = FALSE
	EndGlobalSection
	GlobalSection(ExtensibilityGlobals) = postSolution
		SolutionGuid = {4D9D0709-5A96-4436-8BA8-B61519BA0142}
	EndGlobalSection
EndGlobal
